// !$*UTF8*$!
{
	archiveVersion = 1;
	classes = {
	};
	objectVersion = 46;
	objects = {

/* Begin PBXBuildFile section */
		4AB760611B0D77F3001101F4 /* AppDelegate.swift in Sources */ = {isa = PBXBuildFile; fileRef = 4AB760601B0D77F3001101F4 /* AppDelegate.swift */; };
		4AB760631B0D77F3001101F4 /* ViewController.swift in Sources */ = {isa = PBXBuildFile; fileRef = 4AB760621B0D77F3001101F4 /* ViewController.swift */; };
		4AB760661B0D77F3001101F4 /* Main.storyboard in Resources */ = {isa = PBXBuildFile; fileRef = 4AB760641B0D77F3001101F4 /* Main.storyboard */; };
		4AB760681B0D77F3001101F4 /* Images.xcassets in Resources */ = {isa = PBXBuildFile; fileRef = 4AB760671B0D77F3001101F4 /* Images.xcassets */; };
		4AB7606B1B0D77F3001101F4 /* LaunchScreen.xib in Resources */ = {isa = PBXBuildFile; fileRef = 4AB760691B0D77F3001101F4 /* LaunchScreen.xib */; };
		4AB760771B0D77F3001101F4 /* Week3___CanvasTests.swift in Sources */ = {isa = PBXBuildFile; fileRef = 4AB760761B0D77F3001101F4 /* Week3___CanvasTests.swift */; };
		4AB760811B0D782E001101F4 /* CanvasViewController.swift in Sources */ = {isa = PBXBuildFile; fileRef = 4AB760801B0D782E001101F4 /* CanvasViewController.swift */; };
/* End PBXBuildFile section */

/* Begin PBXContainerItemProxy section */
		4AB760711B0D77F3001101F4 /* PBXContainerItemProxy */ = {
			isa = PBXContainerItemProxy;
			containerPortal = 4AB760531B0D77F3001101F4 /* Project object */;
			proxyType = 1;
			remoteGlobalIDString = 4AB7605A1B0D77F3001101F4;
			remoteInfo = "Week3 - Canvas";
		};
/* End PBXContainerItemProxy section */

/* Begin PBXFileReference section */
		4AB7605B1B0D77F3001101F4 /* Week3 - Canvas.app */ = {isa = PBXFileReference; explicitFileType = wrapper.application; includeInIndex = 0; path = "Week3 - Canvas.app"; sourceTree = BUILT_PRODUCTS_DIR; };
		4AB7605F1B0D77F3001101F4 /* Info.plist */ = {isa = PBXFileReference; lastKnownFileType = text.plist.xml; path = Info.plist; sourceTree = "<group>"; };
		4AB760601B0D77F3001101F4 /* AppDelegate.swift */ = {isa = PBXFileReference; lastKnownFileType = sourcecode.swift; path = AppDelegate.swift; sourceTree = "<group>"; };
		4AB760621B0D77F3001101F4 /* ViewController.swift */ = {isa = PBXFileReference; lastKnownFileType = sourcecode.swift; path = ViewController.swift; sourceTree = "<group>"; };
		4AB760651B0D77F3001101F4 /* Base */ = {isa = PBXFileReference; lastKnownFileType = file.storyboard; name = Base; path = Base.lproj/Main.storyboard; sourceTree = "<group>"; };
		4AB760671B0D77F3001101F4 /* Images.xcassets */ = {isa = PBXFileReference; lastKnownFileType = folder.assetcatalog; path = Images.xcassets; sourceTree = "<group>"; };
		4AB7606A1B0D77F3001101F4 /* Base */ = {isa = PBXFileReference; lastKnownFileType = file.xib; name = Base; path = Base.lproj/LaunchScreen.xib; sourceTree = "<group>"; };
		4AB760701B0D77F3001101F4 /* Week3 - CanvasTests.xctest */ = {isa = PBXFileReference; explicitFileType = wrapper.cfbundle; includeInIndex = 0; path = "Week3 - CanvasTests.xctest"; sourceTree = BUILT_PRODUCTS_DIR; };
		4AB760751B0D77F3001101F4 /* Info.plist */ = {isa = PBXFileReference; lastKnownFileType = text.plist.xml; path = Info.plist; sourceTree = "<group>"; };
		4AB760761B0D77F3001101F4 /* Week3___CanvasTests.swift */ = {isa = PBXFileReference; lastKnownFileType = sourcecode.swift; path = "Week3___CanvasTests.swift"; sourceTree = "<group>"; };
		4AB760801B0D782E001101F4 /* CanvasViewController.swift */ = {isa = PBXFileReference; fileEncoding = 4; lastKnownFileType = sourcecode.swift; path = CanvasViewController.swift; sourceTree = "<group>"; };
/* End PBXFileReference section */

/* Begin PBXFrameworksBuildPhase section */
		4AB760581B0D77F3001101F4 /* Frameworks */ = {
			isa = PBXFrameworksBuildPhase;
			buildActionMask = 2147483647;
			files = (
			);
			runOnlyForDeploymentPostprocessing = 0;
		};
		4AB7606D1B0D77F3001101F4 /* Frameworks */ = {
			isa = PBXFrameworksBuildPhase;
			buildActionMask = 2147483647;
			files = (
			);
			runOnlyForDeploymentPostprocessing = 0;
		};
/* End PBXFrameworksBuildPhase section */

/* Begin PBXGroup section */
		4AB760521B0D77F3001101F4 = {
			isa = PBXGroup;
			children = (
				4AB7605D1B0D77F3001101F4 /* Week3 - Canvas */,
				4AB760731B0D77F3001101F4 /* Week3 - CanvasTests */,
				4AB7605C1B0D77F3001101F4 /* Products */,
			);
			sourceTree = "<group>";
		};
		4AB7605C1B0D77F3001101F4 /* Products */ = {
			isa = PBXGroup;
			children = (
				4AB7605B1B0D77F3001101F4 /* Week3 - Canvas.app */,
				4AB760701B0D77F3001101F4 /* Week3 - CanvasTests.xctest */,
			);
			name = Products;
			sourceTree = "<group>";
		};
		4AB7605D1B0D77F3001101F4 /* Week3 - Canvas */ = {
			isa = PBXGroup;
			children = (
				4AB760601B0D77F3001101F4 /* AppDelegate.swift */,
				4AB760621B0D77F3001101F4 /* ViewController.swift */,
				4AB760641B0D77F3001101F4 /* Main.storyboard */,
				4AB760801B0D782E001101F4 /* CanvasViewController.swift */,
				4AB760671B0D77F3001101F4 /* Images.xcassets */,
				4AB760691B0D77F3001101F4 /* LaunchScreen.xib */,
				4AB7605E1B0D77F3001101F4 /* Supporting Files */,
			);
			path = "Week3 - Canvas";
			sourceTree = "<group>";
		};
		4AB7605E1B0D77F3001101F4 /* Supporting Files */ = {
			isa = PBXGroup;
			children = (
				4AB7605F1B0D77F3001101F4 /* Info.plist */,
			);
			name = "Supporting Files";
			sourceTree = "<group>";
		};
		4AB760731B0D77F3001101F4 /* Week3 - CanvasTests */ = {
			isa = PBXGroup;
			children = (
				4AB760761B0D77F3001101F4 /* Week3___CanvasTests.swift */,
				4AB760741B0D77F3001101F4 /* Supporting Files */,
			);
			path = "Week3 - CanvasTests";
			sourceTree = "<group>";
		};
		4AB760741B0D77F3001101F4 /* Supporting Files */ = {
			isa = PBXGroup;
			children = (
				4AB760751B0D77F3001101F4 /* Info.plist */,
			);
			name = "Supporting Files";
			sourceTree = "<group>";
		};
/* End PBXGroup section */

/* Begin PBXNativeTarget section */
		4AB7605A1B0D77F3001101F4 /* Week3 - Canvas */ = {
			isa = PBXNativeTarget;
			buildConfigurationList = 4AB7607A1B0D77F3001101F4 /* Build configuration list for PBXNativeTarget "Week3 - Canvas" */;
			buildPhases = (
				4AB760571B0D77F3001101F4 /* Sources */,
				4AB760581B0D77F3001101F4 /* Frameworks */,
				4AB760591B0D77F3001101F4 /* Resources */,
			);
			buildRules = (
			);
			dependencies = (
			);
			name = "Week3 - Canvas";
			productName = "Week3 - Canvas";
			productReference = 4AB7605B1B0D77F3001101F4 /* Week3 - Canvas.app */;
			productType = "com.apple.product-type.application";
		};
		4AB7606F1B0D77F3001101F4 /* Week3 - CanvasTests */ = {
			isa = PBXNativeTarget;
			buildConfigurationList = 4AB7607D1B0D77F3001101F4 /* Build configuration list for PBXNativeTarget "Week3 - CanvasTests" */;
			buildPhases = (
				4AB7606C1B0D77F3001101F4 /* Sources */,
				4AB7606D1B0D77F3001101F4 /* Frameworks */,
				4AB7606E1B0D77F3001101F4 /* Resources */,
			);
			buildRules = (
			);
			dependencies = (
				4AB760721B0D77F3001101F4 /* PBXTargetDependency */,
			);
			name = "Week3 - CanvasTests";
			productName = "Week3 - CanvasTests";
			productReference = 4AB760701B0D77F3001101F4 /* Week3 - CanvasTests.xctest */;
			productType = "com.apple.product-type.bundle.unit-test";
		};
/* End PBXNativeTarget section */

/* Begin PBXProject section */
		4AB760531B0D77F3001101F4 /* Project object */ = {
			isa = PBXProject;
			attributes = {
				LastUpgradeCheck = 0630;
				ORGANIZATIONNAME = "Salih Abdul-Karim";
				TargetAttributes = {
					4AB7605A1B0D77F3001101F4 = {
						CreatedOnToolsVersion = 6.3.1;
					};
					4AB7606F1B0D77F3001101F4 = {
						CreatedOnToolsVersion = 6.3.1;
						TestTargetID = 4AB7605A1B0D77F3001101F4;
					};
				};
			};
			buildConfigurationList = 4AB760561B0D77F3001101F4 /* Build configuration list for PBXProject "Week3 - Canvas" */;
			compatibilityVersion = "Xcode 3.2";
			developmentRegion = English;
			hasScannedForEncodings = 0;
			knownRegions = (
				en,
				Base,
			);
			mainGroup = 4AB760521B0D77F3001101F4;
			productRefGroup = 4AB7605C1B0D77F3001101F4 /* Products */;
			projectDirPath = "";
			projectRoot = "";
			targets = (
				4AB7605A1B0D77F3001101F4 /* Week3 - Canvas */,
				4AB7606F1B0D77F3001101F4 /* Week3 - CanvasTests */,
			);
		};
/* End PBXProject section */

/* Begin PBXResourcesBuildPhase section */
		4AB760591B0D77F3001101F4 /* Resources */ = {
			isa = PBXResourcesBuildPhase;
			buildActionMask = 2147483647;
			files = (
				4AB760661B0D77F3001101F4 /* Main.storyboard in Resources */,
				4AB7606B1B0D77F3001101F4 /* LaunchScreen.xib in Resources */,
				4AB760681B0D77F3001101F4 /* Images.xcassets in Resources */,
			);
			runOnlyForDeploymentPostprocessing = 0;
		};
		4AB7606E1B0D77F3001101F4 /* Resources */ = {
			isa = PBXResourcesBuildPhase;
			buildActionMask = 2147483647;
			files = (
			);
			runOnlyForDeploymentPostprocessing = 0;
		};
/* End PBXResourcesBuildPhase section */

/* Begin PBXSourcesBuildPhase section */
		4AB760571B0D77F3001101F4 /* Sources */ = {
			isa = PBXSourcesBuildPhase;
			buildActionMask = 2147483647;
			files = (
				4AB760631B0D77F3001101F4 /* ViewController.swift in Sources */,
				4AB760811B0D782E001101F4 /* CanvasViewController.swift in Sources */,
				4AB760611B0D77F3001101F4 /* AppDelegate.swift in Sources */,
			);
			runOnlyForDeploymentPostprocessing = 0;
		};
		4AB7606C1B0D77F3001101F4 /* Sources */ = {
			isa = PBXSourcesBuildPhase;
			buildActionMask = 2147483647;
			files = (
				4AB760771B0D77F3001101F4 /* Week3___CanvasTests.swift in Sources */,
			);
			runOnlyForDeploymentPostprocessing = 0;
		};
/* End PBXSourcesBuildPhase section */

/* Begin PBXTargetDependency section */
		4AB760721B0D77F3001101F4 /* PBXTargetDependency */ = {
			isa = PBXTargetDependency;
			target = 4AB7605A1B0D77F3001101F4 /* Week3 - Canvas */;
			targetProxy = 4AB760711B0D77F3001101F4 /* PBXContainerItemProxy */;
		};
/* End PBXTargetDependency section */

/* Begin PBXVariantGroup section */
		4AB760641B0D77F3001101F4 /* Main.storyboard */ = {
			isa = PBXVariantGroup;
			children = (
				4AB760651B0D77F3001101F4 /* Base */,
			);
			name = Main.storyboard;
			sourceTree = "<group>";
		};
		4AB760691B0D77F3001101F4 /* LaunchScreen.xib */ = {
			isa = PBXVariantGroup;
			children = (
				4AB7606A1B0D77F3001101F4 /* Base */,
			);
			name = LaunchScreen.xib;
			sourceTree = "<group>";
		};
/* End PBXVariantGroup section */

/* Begin XCBuildConfiguration section */
		4AB760781B0D77F3001101F4 /* Debug */ = {
			isa = XCBuildConfiguration;
			buildSettings = {
				ALWAYS_SEARCH_USER_PATHS = NO;
				CLANG_CXX_LANGUAGE_STANDARD = "gnu++0x";
				CLANG_CXX_LIBRARY = "libc++";
				CLANG_ENABLE_MODULES = YES;
				CLANG_ENABLE_OBJC_ARC = YES;
				CLANG_WARN_BOOL_CONVERSION = YES;
				CLANG_WARN_CONSTANT_CONVERSION = YES;
				CLANG_WARN_DIRECT_OBJC_ISA_USAGE = YES_ERROR;
				CLANG_WARN_EMPTY_BODY = YES;
				CLANG_WARN_ENUM_CONVERSION = YES;
				CLANG_WARN_INT_CONVERSION = YES;
				CLANG_WARN_OBJC_ROOT_CLASS = YES_ERROR;
				CLANG_WARN_UNREACHABLE_CODE = YES;
				CLANG_WARN__DUPLICATE_METHOD_MATCH = YES;
				"CODE_SIGN_IDENTITY[sdk=iphoneos*]" = "iPhone Developer";
				COPY_PHASE_STRIP = NO;
				DEBUG_INFORMATION_FORMAT = "dwarf-with-dsym";
				ENABLE_STRICT_OBJC_MSGSEND = YES;
				GCC_C_LANGUAGE_STANDARD = gnu99;
				GCC_DYNAMIC_NO_PIC = NO;
				GCC_NO_COMMON_BLOCKS = YES;
				GCC_OPTIMIZATION_LEVEL = 0;
				GCC_PREPROCESSOR_DEFINITIONS = (
					"DEBUG=1",
					"$(inherited)",
				);
				GCC_SYMBOLS_PRIVATE_EXTERN = NO;
				GCC_WARN_64_TO_32_BIT_CONVERSION = YES;
				GCC_WARN_ABOUT_RETURN_TYPE = YES_ERROR;
				GCC_WARN_UNDECLARED_SELECTOR = YES;
				GCC_WARN_UNINITIALIZED_AUTOS = YES_AGGRESSIVE;
				GCC_WARN_UNUSED_FUNCTION = YES;
				GCC_WARN_UNUSED_VARIABLE = YES;
				IPHONEOS_DEPLOYMENT_TARGET = 8.3;
				MTL_ENABLE_DEBUG_INFO = YES;
				ONLY_ACTIVE_ARCH = YES;
				SDKROOT = iphoneos;
				SWIFT_OPTIMIZATION_LEVEL = "-Onone";
			};
			name = Debug;
		};
		4AB760791B0D77F3001101F4 /* Release */ = {
			isa = XCBuildConfiguration;
			buildSettings = {
				ALWAYS_SEARCH_USER_PATHS = NO;
				CLANG_CXX_LANGUAGE_STANDARD = "gnu++0x";
				CLANG_CXX_LIBRARY = "libc++";
				CLANG_ENABLE_MODULES = YES;
				CLANG_ENABLE_OBJC_ARC = YES;
				CLANG_WARN_BOOL_CONVERSION = YES;
				CLANG_WARN_CONSTANT_CONVERSION = YES;
				CLANG_WARN_DIRECT_OBJC_ISA_USAGE = YES_ERROR;
				CLANG_WARN_EMPTY_BODY = YES;
				CLANG_WARN_ENUM_CONVERSION = YES;
				CLANG_WARN_INT_CONVERSION = YES;
				CLANG_WARN_OBJC_ROOT_CLASS = YES_ERROR;
				CLANG_WARN_UNREACHABLE_CODE = YES;
				CLANG_WARN__DUPLICATE_METHOD_MATCH = YES;
				"CODE_SIGN_IDENTITY[sdk=iphoneos*]" = "iPhone Developer";
				COPY_PHASE_STRIP = NO;
				DEBUG_INFORMATION_FORMAT = "dwarf-with-dsym";
				ENABLE_NS_ASSERTIONS = NO;
				ENABLE_STRICT_OBJC_MSGSEND = YES;
				GCC_C_LANGUAGE_STANDARD = gnu99;
				GCC_NO_COMMON_BLOCKS = YES;
				GCC_WARN_64_TO_32_BIT_CONVERSION = YES;
				GCC_WARN_ABOUT_RETURN_TYPE = YES_ERROR;
				GCC_WARN_UNDECLARED_SELECTOR = YES;
				GCC_WARN_UNINITIALIZED_AUTOS = YES_AGGRESSIVE;
				GCC_WARN_UNUSED_FUNCTION = YES;
				GCC_WARN_UNUSED_VARIABLE = YES;
				IPHONEOS_DEPLOYMENT_TARGET = 8.3;
				MTL_ENABLE_DEBUG_INFO = NO;
				SDKROOT = iphoneos;
				VALIDATE_PRODUCT = YES;
			};
			name = Release;
		};
		4AB7607B1B0D77F3001101F4 /* Debug */ = {
			isa = XCBuildConfiguration;
			buildSettings = {
				ASSETCATALOG_COMPILER_APPICON_NAME = AppIcon;
				INFOPLIST_FILE = "Week3 - Canvas/Info.plist";
				LD_RUNPATH_SEARCH_PATHS = "$(inherited) @executable_path/Frameworks";
				PRODUCT_NAME = "$(TARGET_NAME)";
			};
			name = Debug;
		};
		4AB7607C1B0D77F3001101F4 /* Release */ = {
			isa = XCBuildConfiguration;
			buildSettings = {
				ASSETCATALOG_COMPILER_APPICON_NAME = AppIcon;
				INFOPLIST_FILE = "Week3 - Canvas/Info.plist";
				LD_RUNPATH_SEARCH_PATHS = "$(inherited) @executable_path/Frameworks";
				PRODUCT_NAME = "$(TARGET_NAME)";
			};
			name = Release;
		};
		4AB7607E1B0D77F3001101F4 /* Debug */ = {
			isa = XCBuildConfiguration;
			buildSettings = {
				BUNDLE_LOADER = "$(TEST_HOST)";
				FRAMEWORK_SEARCH_PATHS = (
					"$(SDKROOT)/Developer/Library/Frameworks",
					"$(inherited)",
				);
				GCC_PREPROCESSOR_DEFINITIONS = (
					"DEBUG=1",
					"$(inherited)",
				);
				INFOPLIST_FILE = "Week3 - CanvasTests/Info.plist";
				LD_RUNPATH_SEARCH_PATHS = "$(inherited) @executable_path/Frameworks @loader_path/Frameworks";
				PRODUCT_NAME = "$(TARGET_NAME)";
				TEST_HOST = "$(BUILT_PRODUCTS_DIR)/Week3 - Canvas.app/Week3 - Canvas";
			};
			name = Debug;
		};
		4AB7607F1B0D77F3001101F4 /* Release */ = {
			isa = XCBuildConfiguration;
			buildSettings = {
				BUNDLE_LOADER = "$(TEST_HOST)";
				FRAMEWORK_SEARCH_PATHS = (
					"$(SDKROOT)/Developer/Library/Frameworks",
					"$(inherited)",
				);
				INFOPLIST_FILE = "Week3 - CanvasTests/Info.plist";
				LD_RUNPATH_SEARCH_PATHS = "$(inherited) @executable_path/Frameworks @loader_path/Frameworks";
				PRODUCT_NAME = "$(TARGET_NAME)";
				TEST_HOST = "$(BUILT_PRODUCTS_DIR)/Week3 - Canvas.app/Week3 - Canvas";
			};
			name = Release;
		};
/* End XCBuildConfiguration section */

/* Begin XCConfigurationList section */
		4AB760561B0D77F3001101F4 /* Build configuration list for PBXProject "Week3 - Canvas" */ = {
			isa = XCConfigurationList;
			buildConfigurations = (
				4AB760781B0D77F3001101F4 /* Debug */,
				4AB760791B0D77F3001101F4 /* Release */,
			);
			defaultConfigurationIsVisible = 0;
			defaultConfigurationName = Release;
		};
		4AB7607A1B0D77F3001101F4 /* Build configuration list for PBXNativeTarget "Week3 - Canvas" */ = {
			isa = XCConfigurationList;
			buildConfigurations = (
				4AB7607B1B0D77F3001101F4 /* Debug */,
				4AB7607C1B0D77F3001101F4 /* Release */,
			);
			defaultConfigurationIsVisible = 0;
		};
		4AB7607D1B0D77F3001101F4 /* Build configuration list for PBXNativeTarget "Week3 - CanvasTests" */ = {
			isa = XCConfigurationList;
			buildConfigurations = (
				4AB7607E1B0D77F3001101F4 /* Debug */,
				4AB7607F1B0D77F3001101F4 /* Release */,
			);
			defaultConfigurationIsVisible = 0;
		};
/* End XCConfigurationList section */
	};
	rootObject = 4AB760531B0D77F3001101F4 /* Project object */;
}
